
Microsoft Visual Studio Solution File, Format Version 12.00
# Visual Studio Version 17
VisualStudioVersion = 17.4.33213.308
MinimumVisualStudioVersion = 10.0.40219.1
Project("{9A19103F-16F7-4668-BE54-9A1E7A4F7556}") = "ApiServer", "ApiServer\ApiServer.csproj", "{A50194F3-1111-496A-BB72-C525FA228CC0}"
EndProject
Project("{9A19103F-16F7-4668-BE54-9A1E7A4F7556}") = "BussinessObject", "BussinessObject\BussinessObject.csproj", "{4AFF9159-980D-4647-9B3A-28DD0542A7D4}"
EndProject
Project("{9A19103F-16F7-4668-BE54-9A1E7A4F7556}") = "DataAccess", "DataAccess\DataAccess.csproj", "{ED3ED696-98FD-40AA-A0CA-0F8C746C1314}"
EndProject
Project("{FAE04EC0-301F-11D3-BF4B-00C04F79EFBC}") = "WebApp", "WebApp\WebApp.csproj", "{E6F9EAE4-1788-4FC4-9364-A40B8A6A4889}"
EndProject
Global
	GlobalSection(SolutionConfigurationPlatforms) = preSolution
		Debug|Any CPU = Debug|Any CPU
		Release|Any CPU = Release|Any CPU
	EndGlobalSection
	GlobalSection(ProjectConfigurationPlatforms) = postSolution
		{A50194F3-1111-496A-BB72-C525FA228CC0}.Debug|Any CPU.ActiveCfg = Debug|Any CPU
		{A50194F3-1111-496A-BB72-C525FA228CC0}.Debug|Any CPU.Build.0 = Debug|Any CPU
		{A50194F3-1111-496A-BB72-C525FA228CC0}.Release|Any CPU.ActiveCfg = Release|Any CPU
		{A50194F3-1111-496A-BB72-C525FA228CC0}.Release|Any CPU.Build.0 = Release|Any CPU
		{4AFF9159-980D-4647-9B3A-28DD0542A7D4}.Debug|Any CPU.ActiveCfg = Debug|Any CPU
		{4AFF9159-980D-4647-9B3A-28DD0542A7D4}.Debug|Any CPU.Build.0 = Debug|Any CPU
		{4AFF9159-980D-4647-9B3A-28DD0542A7D4}.Release|Any CPU.ActiveCfg = Release|Any CPU
		{4AFF9159-980D-4647-9B3A-28DD0542A7D4}.Release|Any CPU.Build.0 = Release|Any CPU
		{ED3ED696-98FD-40AA-A0CA-0F8C746C1314}.Debug|Any CPU.ActiveCfg = Debug|Any CPU
		{ED3ED696-98FD-40AA-A0CA-0F8C746C1314}.Debug|Any CPU.Build.0 = Debug|Any CPU
		{ED3ED696-98FD-40AA-A0CA-0F8C746C1314}.Release|Any CPU.ActiveCfg = Release|Any CPU
		{ED3ED696-98FD-40AA-A0CA-0F8C746C1314}.Release|Any CPU.Build.0 = Release|Any CPU
		{E6F9EAE4-1788-4FC4-9364-A40B8A6A4889}.Debug|Any CPU.ActiveCfg = Debug|Any CPU
		{E6F9EAE4-1788-4FC4-9364-A40B8A6A4889}.Debug|Any CPU.Build.0 = Debug|Any CPU
		{E6F9EAE4-1788-4FC4-9364-A40B8A6A4889}.Release|Any CPU.ActiveCfg = Release|Any CPU
		{E6F9EAE4-1788-4FC4-9364-A40B8A6A4889}.Release|Any CPU.Build.0 = Release|Any CPU
	EndGlobalSection
	GlobalSection(SolutionProperties) = preSolution
		HideSolutionNode = FALSE
	EndGlobalSection
	GlobalSection(ExtensibilityGlobals) = postSolution
		SolutionGuid = {9306FF68-020B-4E80-B32C-4B7FFB5965BA}
	EndGlobalSection
EndGlobal
